
Microsoft Visual Studio Solution File, Format Version 12.00
# Visual Studio Version 16
VisualStudioVersion = 16.0.32002.261
MinimumVisualStudioVersion = 10.0.40219.1
Project("{FAE04EC0-301F-11D3-BF4B-00C04F79EFBC}") = "konsol", "konsol\konsol.csproj", "{BE786E6C-F38E-43A6-BDDC-7CD3BDE40686}"
EndProject
Global
	GlobalSection(SolutionConfigurationPlatforms) = preSolution
		Debug|Any CPU = Debug|Any CPU
		Release|Any CPU = Release|Any CPU
	EndGlobalSection
	GlobalSection(ProjectConfigurationPlatforms) = postSolution
		{BE786E6C-F38E-43A6-BDDC-7CD3BDE40686}.Debug|Any CPU.ActiveCfg = Debug|Any CPU
		{BE786E6C-F38E-43A6-BDDC-7CD3BDE40686}.Debug|Any CPU.Build.0 = Debug|Any CPU
		{BE786E6C-F38E-43A6-BDDC-7CD3BDE40686}.Release|Any CPU.ActiveCfg = Release|Any CPU
		{BE786E6C-F38E-43A6-BDDC-7CD3BDE40686}.Release|Any CPU.Build.0 = Release|Any CPU
	EndGlobalSection
	GlobalSection(SolutionProperties) = preSolution
		HideSolutionNode = FALSE
	EndGlobalSection
	GlobalSection(ExtensibilityGlobals) = postSolution
		SolutionGuid = {EBF64D9D-0E79-4A39-BBD9-7E91699DB3F6}
	EndGlobalSection
EndGlobal
